
Microsoft Visual Studio Solution File, Format Version 12.00
# Visual Studio Version 16
VisualStudioVersion = 16.0.29519.87
MinimumVisualStudioVersion = 10.0.40219.1
Project("{FAE04EC0-301F-11D3-BF4B-00C04F79EFBC}") = "Shifts", "Shifts\Shifts.csproj", "{2FEA9F74-1C9E-4D12-97A9-013E1D47730A}"
EndProject
Global
	GlobalSection(SolutionConfigurationPlatforms) = preSolution
		Debug|Any CPU = Debug|Any CPU
		Release|Any CPU = Release|Any CPU
	EndGlobalSection
	GlobalSection(ProjectConfigurationPlatforms) = postSolution
		{2FEA9F74-1C9E-4D12-97A9-013E1D47730A}.Debug|Any CPU.ActiveCfg = Debug|Any CPU
		{2FEA9F74-1C9E-4D12-97A9-013E1D47730A}.Debug|Any CPU.Build.0 = Debug|Any CPU
		{2FEA9F74-1C9E-4D12-97A9-013E1D47730A}.Release|Any CPU.ActiveCfg = Release|Any CPU
		{2FEA9F74-1C9E-4D12-97A9-013E1D47730A}.Release|Any CPU.Build.0 = Release|Any CPU
	EndGlobalSection
	GlobalSection(SolutionProperties) = preSolution
		HideSolutionNode = FALSE
	EndGlobalSection
	GlobalSection(ExtensibilityGlobals) = postSolution
		SolutionGuid = {3E7F536D-7DE6-4A15-AAA3-06018354AB9F}
	EndGlobalSection
EndGlobal
